
Microsoft Visual Studio Solution File, Format Version 12.00
# Visual Studio 15
VisualStudioVersion = 15.0.27428.2015
MinimumVisualStudioVersion = 10.0.40219.1
Project("{FAE04EC0-301F-11D3-BF4B-00C04F79EFBC}") = "WE_CIS_186", "WE_CIS_186\WE_CIS_186.csproj", "{36F3A84F-7130-4947-9175-5A79C560DC6B}"
EndProject
Global
	GlobalSection(SolutionConfigurationPlatforms) = preSolution
		Debug|Any CPU = Debug|Any CPU
		Release|Any CPU = Release|Any CPU
	EndGlobalSection
	GlobalSection(ProjectConfigurationPlatforms) = postSolution
		{36F3A84F-7130-4947-9175-5A79C560DC6B}.Debug|Any CPU.ActiveCfg = Debug|Any CPU
		{36F3A84F-7130-4947-9175-5A79C560DC6B}.Debug|Any CPU.Build.0 = Debug|Any CPU
		{36F3A84F-7130-4947-9175-5A79C560DC6B}.Release|Any CPU.ActiveCfg = Release|Any CPU
		{36F3A84F-7130-4947-9175-5A79C560DC6B}.Release|Any CPU.Build.0 = Release|Any CPU
	EndGlobalSection
	GlobalSection(SolutionProperties) = preSolution
		HideSolutionNode = FALSE
	EndGlobalSection
	GlobalSection(ExtensibilityGlobals) = postSolution
		SolutionGuid = {FAC8CA0A-CA8B-4558-A9A7-39012F2BACAA}
	EndGlobalSection
EndGlobal
